<?xml version="1.0" encoding="utf-8"?>
<Project ToolsVersion="4.0" xmlns="http://schemas.microsoft.com/developer/msbuild/2003">
  <ItemGroup>
    <Filter Include="Source Files">
      <UniqueIdentifier>{4FC737F1-C7A5-4376-A066-2A32D752A2FF}</UniqueIdentifier>
      <Extensions>cpp;c;cc;cxx;def;odl;idl;hpj;bat;asm;asmx</Extensions>
    </Filter>
    <Filter Include="Header Files">
      <UniqueIdentifier>{93995380-89BD-4b04-88EB-625FBE52EBFB}</UniqueIdentifier>
      <Extensions>h;hpp;hxx;hm;inl;inc;xsd</Extensions>
    </Filter>
    <Filter Include="Resource Files">
      <UniqueIdentifier>{67DA6AB6-F800-4c08-8B7A-83BB121AAD01}</UniqueIdentifier>
      <Extensions>rc;ico;cur;bmp;dlg;rc2;rct;bin;rgs;gif;jpg;jpeg;jpe;resx;tiff;tif;png;wav;mfcribbon-ms</Extensions>
    </Filter>
    <Filter Include="Header Files\base">
      <UniqueIdentifier>{a9ece8dd-c374-4c5d-a25e-d13989d4c680}</UniqueIdentifier>
    </Filter>
    <Filter Include="Resource Files\Channel">
      <UniqueIdentifier>{62bee5d8-2183-430e-93b8-74c21836caa5}</UniqueIdentifier>
    </Filter>
    <Filter Include="Header Files\Channel">
      <UniqueIdentifier>{29539182-366c-43b6-8f12-999f43731b72}</UniqueIdentifier>
    </Filter>
    <Filter Include="Resource Files\base">
      <UniqueIdentifier>{55281673-e89b-4a56-b68a-6bbca0b23b62}</UniqueIdentifier>
    </Filter>
  </ItemGroup>
  <ItemGroup>
    <ClCompile Include="TextWireless.cpp">
      <Filter>Source Files</Filter>
    </ClCompile>
    <ClCompile Include="wireless.cpp">
      <Filter>Source Files</Filter>
    </ClCompile>
    <ClCompile Include="base\CodeTreeNode.cpp">
      <Filter>Resource Files\base</Filter>
    </ClCompile>
    <ClCompile Include="base\Hash_func.cpp">
      <Filter>Resource Files\base</Filter>
    </ClCompile>
    <ClCompile Include="base\Lookup3Hash.cpp">
      <Filter>Resource Files\base</Filter>
    </ClCompile>
    <ClCompile Include="base\Random.cpp">
      <Filter>Resource Files\base</Filter>
    </ClCompile>
    <ClCompile Include="base\signals.cpp">
      <Filter>Resource Files\base</Filter>
    </ClCompile>
    <ClCompile Include="Channel\AWGN.cpp">
      <Filter>Resource Files\Channel</Filter>
    </ClCompile>
    <ClCompile Include="Channel\BERC.cpp">
      <Filter>Resource Files\Channel</Filter>
    </ClCompile>
    <ClCompile Include="Mapping.cpp">
      <Filter>Resource Files</Filter>
    </ClCompile>
    <ClCompile Include="RNG.cpp">
      <Filter>Resource Files</Filter>
    </ClCompile>
    <ClCompile Include="SpineDecoder.cpp">
      <Filter>Resource Files</Filter>
    </ClCompile>
    <ClCompile Include="SpineEncoder.cpp">
      <Filter>Resource Files</Filter>
    </ClCompile>
  </ItemGroup>
  <ItemGroup>
    <ClInclude Include="base\CodeTreeNode.h">
      <Filter>Header Files\base</Filter>
    </ClInclude>
    <ClInclude Include="base\Hash_func.h">
      <Filter>Header Files\base</Filter>
    </ClInclude>
    <ClInclude Include="base\Random.h">
      <Filter>Header Files\base</Filter>
    </ClInclude>
    <ClInclude Include="base\signals.h">
      <Filter>Header Files\base</Filter>
    </ClInclude>
    <ClInclude Include="Channel\AWGN.h">
      <Filter>Header Files\Channel</Filter>
    </ClInclude>
    <ClInclude Include="Channel\BERC.h">
      <Filter>Header Files\Channel</Filter>
    </ClInclude>
    <ClInclude Include="Channel\ziggurat.h">
      <Filter>Header Files\Channel</Filter>
    </ClInclude>
    <ClInclude Include="Mapping.h">
      <Filter>Header Files</Filter>
    </ClInclude>
    <ClInclude Include="RNG.h">
      <Filter>Header Files</Filter>
    </ClInclude>
    <ClInclude Include="SpineDecoder.h">
      <Filter>Header Files</Filter>
    </ClInclude>
    <ClInclude Include="SpineEncoder.h">
      <Filter>Header Files</Filter>
    </ClInclude>
    <ClInclude Include="base\help_functions.h">
      <Filter>Header Files\base</Filter>
    </ClInclude>
    <ClInclude Include="WirelessType.h">
      <Filter>Header Files</Filter>
    </ClInclude>
  </ItemGroup>
</Project>